
Microsoft Visual Studio Solution File, Format Version 12.00
# Visual Studio 14
VisualStudioVersion = 14.0.22609.0
MinimumVisualStudioVersion = 10.0.40219.1
Project("{FAE04EC0-301F-11D3-BF4B-00C04F79EFBC}") = "ConsoleApplication1", "ConsoleApplication1\ConsoleApplication1.csproj", "{822A5EC2-3626-43E1-A305-9E23B2196FEB}"
EndProject
Project("{FAE04EC0-301F-11D3-BF4B-00C04F79EFBC}") = "LonelyIfAnalyzer", "LonelyIfAnalyzer\LonelyIfAnalyzer\LonelyIfAnalyzer.csproj", "{168AE47C-BB7A-4122-BD6D-D26A2C614557}"
EndProject
Global
	GlobalSection(SolutionConfigurationPlatforms) = preSolution
		Debug|Any CPU = Debug|Any CPU
		Debug|x86 = Debug|x86
		Release|Any CPU = Release|Any CPU
		Release|x86 = Release|x86
	EndGlobalSection
	GlobalSection(ProjectConfigurationPlatforms) = postSolution
		{822A5EC2-3626-43E1-A305-9E23B2196FEB}.Debug|Any CPU.ActiveCfg = Debug|x86
		{822A5EC2-3626-43E1-A305-9E23B2196FEB}.Debug|x86.ActiveCfg = Debug|x86
		{822A5EC2-3626-43E1-A305-9E23B2196FEB}.Debug|x86.Build.0 = Debug|x86
		{822A5EC2-3626-43E1-A305-9E23B2196FEB}.Release|Any CPU.ActiveCfg = Release|x86
		{822A5EC2-3626-43E1-A305-9E23B2196FEB}.Release|x86.ActiveCfg = Release|x86
		{822A5EC2-3626-43E1-A305-9E23B2196FEB}.Release|x86.Build.0 = Release|x86
		{168AE47C-BB7A-4122-BD6D-D26A2C614557}.Debug|Any CPU.ActiveCfg = Debug|Any CPU
		{168AE47C-BB7A-4122-BD6D-D26A2C614557}.Debug|Any CPU.Build.0 = Debug|Any CPU
		{168AE47C-BB7A-4122-BD6D-D26A2C614557}.Debug|x86.ActiveCfg = Debug|Any CPU
		{168AE47C-BB7A-4122-BD6D-D26A2C614557}.Debug|x86.Build.0 = Debug|Any CPU
		{168AE47C-BB7A-4122-BD6D-D26A2C614557}.Release|Any CPU.ActiveCfg = Release|Any CPU
		{168AE47C-BB7A-4122-BD6D-D26A2C614557}.Release|Any CPU.Build.0 = Release|Any CPU
		{168AE47C-BB7A-4122-BD6D-D26A2C614557}.Release|x86.ActiveCfg = Release|Any CPU
		{168AE47C-BB7A-4122-BD6D-D26A2C614557}.Release|x86.Build.0 = Release|Any CPU
	EndGlobalSection
	GlobalSection(SolutionProperties) = preSolution
		HideSolutionNode = FALSE
	EndGlobalSection
EndGlobal
